// !$*UTF8*$!
{
	archiveVersion = 1;
	classes = {
	};
	objectVersion = 48;
	objects = {

/* Begin PBXBuildFile section */
		FAC0B6EC2066C18A00D4EF38 /* main.cpp in Sources */ = {isa = PBXBuildFile; fileRef = FAC0B6EB2066C18A00D4EF38 /* main.cpp */; };
		FAC0B6F42066C1E700D4EF38 /* DataSets.cpp in Sources */ = {isa = PBXBuildFile; fileRef = FAC0B6F22066C1E700D4EF38 /* DataSets.cpp */; };
		FAC0B6F72066C20900D4EF38 /* Weather.cpp in Sources */ = {isa = PBXBuildFile; fileRef = FAC0B6F52066C20900D4EF38 /* Weather.cpp */; };
		FAC0B6FA2066C3D400D4EF38 /* NationalCountryAgency.cpp in Sources */ = {isa = PBXBuildFile; fileRef = FAC0B6F82066C3D400D4EF38 /* NationalCountryAgency.cpp */; };
/* End PBXBuildFile section */

/* Begin PBXCopyFilesBuildPhase section */
		FAC0B6E62066C18A00D4EF38 /* CopyFiles */ = {
			isa = PBXCopyFilesBuildPhase;
			buildActionMask = 2147483647;
			dstPath = /usr/share/man/man1/;
			dstSubfolderSpec = 0;
			files = (
			);
			runOnlyForDeploymentPostprocessing = 1;
		};
/* End PBXCopyFilesBuildPhase section */

/* Begin PBXFileReference section */
		FAC0B6E82066C18A00D4EF38 /* OOP_def */ = {isa = PBXFileReference; explicitFileType = "compiled.mach-o.executable"; includeInIndex = 0; path = OOP_def; sourceTree = BUILT_PRODUCTS_DIR; };
		FAC0B6EB2066C18A00D4EF38 /* main.cpp */ = {isa = PBXFileReference; lastKnownFileType = sourcecode.cpp.cpp; path = main.cpp; sourceTree = "<group>"; };
		FAC0B6F22066C1E700D4EF38 /* DataSets.cpp */ = {isa = PBXFileReference; lastKnownFileType = sourcecode.cpp.cpp; path = DataSets.cpp; sourceTree = "<group>"; };
		FAC0B6F32066C1E700D4EF38 /* DataSets.hpp */ = {isa = PBXFileReference; lastKnownFileType = sourcecode.cpp.h; path = DataSets.hpp; sourceTree = "<group>"; };
		FAC0B6F52066C20900D4EF38 /* Weather.cpp */ = {isa = PBXFileReference; lastKnownFileType = sourcecode.cpp.cpp; path = Weather.cpp; sourceTree = "<group>"; };
		FAC0B6F62066C20900D4EF38 /* Weather.hpp */ = {isa = PBXFileReference; lastKnownFileType = sourcecode.cpp.h; path = Weather.hpp; sourceTree = "<group>"; };
		FAC0B6F82066C3D400D4EF38 /* NationalCountryAgency.cpp */ = {isa = PBXFileReference; lastKnownFileType = sourcecode.cpp.cpp; path = NationalCountryAgency.cpp; sourceTree = "<group>"; };
		FAC0B6F92066C3D400D4EF38 /* NationalCountryAgency.hpp */ = {isa = PBXFileReference; lastKnownFileType = sourcecode.cpp.h; path = NationalCountryAgency.hpp; sourceTree = "<group>"; };
/* End PBXFileReference section */

/* Begin PBXFrameworksBuildPhase section */
		FAC0B6E52066C18A00D4EF38 /* Frameworks */ = {
			isa = PBXFrameworksBuildPhase;
			buildActionMask = 2147483647;
			files = (
			);
			runOnlyForDeploymentPostprocessing = 0;
		};
/* End PBXFrameworksBuildPhase section */

/* Begin PBXGroup section */
		FAC0B6DF2066C18A00D4EF38 = {
			isa = PBXGroup;
			children = (
				FAC0B6EA2066C18A00D4EF38 /* OOP_def */,
				FAC0B6E92066C18A00D4EF38 /* Products */,
			);
			sourceTree = "<group>";
		};
		FAC0B6E92066C18A00D4EF38 /* Products */ = {
			isa = PBXGroup;
			children = (
				FAC0B6E82066C18A00D4EF38 /* OOP_def */,
			);
			name = Products;
			sourceTree = "<group>";
		};
		FAC0B6EA2066C18A00D4EF38 /* OOP_def */ = {
			isa = PBXGroup;
			children = (
				FAC0B6EB2066C18A00D4EF38 /* main.cpp */,
				FAC0B6F22066C1E700D4EF38 /* DataSets.cpp */,
				FAC0B6F32066C1E700D4EF38 /* DataSets.hpp */,
				FAC0B6F52066C20900D4EF38 /* Weather.cpp */,
				FAC0B6F62066C20900D4EF38 /* Weather.hpp */,
				FAC0B6F82066C3D400D4EF38 /* NationalCountryAgency.cpp */,
				FAC0B6F92066C3D400D4EF38 /* NationalCountryAgency.hpp */,
			);
			path = OOP_def;
			sourceTree = "<group>";
		};
/* End PBXGroup section */

/* Begin PBXNativeTarget section */
		FAC0B6E72066C18A00D4EF38 /* OOP_def */ = {
			isa = PBXNativeTarget;
			buildConfigurationList = FAC0B6EF2066C18A00D4EF38 /* Build configuration list for PBXNativeTarget "OOP_def" */;
			buildPhases = (
				FAC0B6E42066C18A00D4EF38 /* Sources */,
				FAC0B6E52066C18A00D4EF38 /* Frameworks */,
				FAC0B6E62066C18A00D4EF38 /* CopyFiles */,
			);
			buildRules = (
			);
			dependencies = (
			);
			name = OOP_def;
			productName = OOP_def;
			productReference = FAC0B6E82066C18A00D4EF38 /* OOP_def */;
			productType = "com.apple.product-type.tool";
		};
/* End PBXNativeTarget section */

/* Begin PBXProject section */
		FAC0B6E02066C18A00D4EF38 /* Project object */ = {
			isa = PBXProject;
			attributes = {
				LastUpgradeCheck = 0920;
				ORGANIZATIONNAME = Macbook;
				TargetAttributes = {
					FAC0B6E72066C18A00D4EF38 = {
						CreatedOnToolsVersion = 9.2;
						ProvisioningStyle = Automatic;
					};
				};
			};
			buildConfigurationList = FAC0B6E32066C18A00D4EF38 /* Build configuration list for PBXProject "OOP_def" */;
			compatibilityVersion = "Xcode 8.0";
			developmentRegion = en;
			hasScannedForEncodings = 0;
			knownRegions = (
				en,
			);
			mainGroup = FAC0B6DF2066C18A00D4EF38;
			productRefGroup = FAC0B6E92066C18A00D4EF38 /* Products */;
			projectDirPath = "";
			projectRoot = "";
			targets = (
				FAC0B6E72066C18A00D4EF38 /* OOP_def */,
			);
		};
/* End PBXProject section */

/* Begin PBXSourcesBuildPhase section */
		FAC0B6E42066C18A00D4EF38 /* Sources */ = {
			isa = PBXSourcesBuildPhase;
			buildActionMask = 2147483647;
			files = (
				FAC0B6F42066C1E700D4EF38 /* DataSets.cpp in Sources */,
				FAC0B6F72066C20900D4EF38 /* Weather.cpp in Sources */,
				FAC0B6EC2066C18A00D4EF38 /* main.cpp in Sources */,
				FAC0B6FA2066C3D400D4EF38 /* NationalCountryAgency.cpp in Sources */,
			);
			runOnlyForDeploymentPostprocessing = 0;
		};
/* End PBXSourcesBuildPhase section */

/* Begin XCBuildConfiguration section */
		FAC0B6ED2066C18A00D4EF38 /* Debug */ = {
			isa = XCBuildConfiguration;
			buildSettings = {
				ALWAYS_SEARCH_USER_PATHS = NO;
				CLANG_ANALYZER_NONNULL = YES;
				CLANG_ANALYZER_NUMBER_OBJECT_CONVERSION = YES_AGGRESSIVE;
				CLANG_CXX_LANGUAGE_STANDARD = "gnu++14";
				CLANG_CXX_LIBRARY = "libc++";
				CLANG_ENABLE_MODULES = YES;
				CLANG_ENABLE_OBJC_ARC = YES;
				CLANG_WARN_BLOCK_CAPTURE_AUTORELEASING = YES;
				CLANG_WARN_BOOL_CONVERSION = YES;
				CLANG_WARN_COMMA = YES;
				CLANG_WARN_CONSTANT_CONVERSION = YES;
				CLANG_WARN_DIRECT_OBJC_ISA_USAGE = YES_ERROR;
				CLANG_WARN_DOCUMENTATION_COMMENTS = YES;
				CLANG_WARN_EMPTY_BODY = YES;
				CLANG_WARN_ENUM_CONVERSION = YES;
				CLANG_WARN_INFINITE_RECURSION = YES;
				CLANG_WARN_INT_CONVERSION = YES;
				CLANG_WARN_NON_LITERAL_NULL_CONVERSION = YES;
				CLANG_WARN_OBJC_LITERAL_CONVERSION = YES;
				CLANG_WARN_OBJC_ROOT_CLASS = YES_ERROR;
				CLANG_WARN_RANGE_LOOP_ANALYSIS = YES;
				CLANG_WARN_STRICT_PROTOTYPES = YES;
				CLANG_WARN_SUSPICIOUS_MOVE = YES;
				CLANG_WARN_UNGUARDED_AVAILABILITY = YES_AGGRESSIVE;
				CLANG_WARN_UNREACHABLE_CODE = YES;
				CLANG_WARN__DUPLICATE_METHOD_MATCH = YES;
				CODE_SIGN_IDENTITY = "-";
				COPY_PHASE_STRIP = NO;
				DEBUG_INFORMATION_FORMAT = dwarf;
				ENABLE_STRICT_OBJC_MSGSEND = YES;
				ENABLE_TESTABILITY = YES;
				GCC_C_LANGUAGE_STANDARD = gnu11;
				GCC_DYNAMIC_NO_PIC = NO;
				GCC_NO_COMMON_BLOCKS = YES;
				GCC_OPTIMIZATION_LEVEL = 0;
				GCC_PREPROCESSOR_DEFINITIONS = (
					"DEBUG=1",
					"$(inherited)",
				);
				GCC_WARN_64_TO_32_BIT_CONVERSION = YES;
				GCC_WARN_ABOUT_RETURN_TYPE = YES_ERROR;
				GCC_WARN_UNDECLARED_SELECTOR = YES;
				GCC_WARN_UNINITIALIZED_AUTOS = YES_AGGRESSIVE;
				GCC_WARN_UNUSED_FUNCTION = YES;
				GCC_WARN_UNUSED_VARIABLE = YES;
				MACOSX_DEPLOYMENT_TARGET = 10.13;
				MTL_ENABLE_DEBUG_INFO = YES;
				ONLY_ACTIVE_ARCH = YES;
				SDKROOT = macosx;
			};
			name = Debug;
		};
		FAC0B6EE2066C18A00D4EF38 /* Release */ = {
			isa = XCBuildConfiguration;
			buildSettings = {
				ALWAYS_SEARCH_USER_PATHS = NO;
				CLANG_ANALYZER_NONNULL = YES;
				CLANG_ANALYZER_NUMBER_OBJECT_CONVERSION = YES_AGGRESSIVE;
				CLANG_CXX_LANGUAGE_STANDARD = "gnu++14";
				CLANG_CXX_LIBRARY = "libc++";
				CLANG_ENABLE_MODULES = YES;
				CLANG_ENABLE_OBJC_ARC = YES;
				CLANG_WARN_BLOCK_CAPTURE_AUTORELEASING = YES;
				CLANG_WARN_BOOL_CONVERSION = YES;
				CLANG_WARN_COMMA = YES;
				CLANG_WARN_CONSTANT_CONVERSION = YES;
				CLANG_WARN_DIRECT_OBJC_ISA_USAGE = YES_ERROR;
				CLANG_WARN_DOCUMENTATION_COMMENTS = YES;
				CLANG_WARN_EMPTY_BODY = YES;
				CLANG_WARN_ENUM_CONVERSION = YES;
				CLANG_WARN_INFINITE_RECURSION = YES;
				CLANG_WARN_INT_CONVERSION = YES;
				CLANG_WARN_NON_LITERAL_NULL_CONVERSION = YES;
				CLANG_WARN_OBJC_LITERAL_CONVERSION = YES;
				CLANG_WARN_OBJC_ROOT_CLASS = YES_ERROR;
				CLANG_WARN_RANGE_LOOP_ANALYSIS = YES;
				CLANG_WARN_STRICT_PROTOTYPES = YES;
				CLANG_WARN_SUSPICIOUS_MOVE = YES;
				CLANG_WARN_UNGUARDED_AVAILABILITY = YES_AGGRESSIVE;
				CLANG_WARN_UNREACHABLE_CODE = YES;
				CLANG_WARN__DUPLICATE_METHOD_MATCH = YES;
				CODE_SIGN_IDENTITY = "-";
				COPY_PHASE_STRIP = NO;
				DEBUG_INFORMATION_FORMAT = "dwarf-with-dsym";
				ENABLE_NS_ASSERTIONS = NO;
				ENABLE_STRICT_OBJC_MSGSEND = YES;
				GCC_C_LANGUAGE_STANDARD = gnu11;
				GCC_NO_COMMON_BLOCKS = YES;
				GCC_WARN_64_TO_32_BIT_CONVERSION = YES;
				GCC_WARN_ABOUT_RETURN_TYPE = YES_ERROR;
				GCC_WARN_UNDECLARED_SELECTOR = YES;
				GCC_WARN_UNINITIALIZED_AUTOS = YES_AGGRESSIVE;
				GCC_WARN_UNUSED_FUNCTION = YES;
				GCC_WARN_UNUSED_VARIABLE = YES;
				MACOSX_DEPLOYMENT_TARGET = 10.13;
				MTL_ENABLE_DEBUG_INFO = NO;
				SDKROOT = macosx;
			};
			name = Release;
		};
		FAC0B6F02066C18A00D4EF38 /* Debug */ = {
			isa = XCBuildConfiguration;
			buildSettings = {
				CODE_SIGN_STYLE = Automatic;
				PRODUCT_NAME = "$(TARGET_NAME)";
			};
			name = Debug;
		};
		FAC0B6F12066C18A00D4EF38 /* Release */ = {
			isa = XCBuildConfiguration;
			buildSettings = {
				CODE_SIGN_STYLE = Automatic;
				PRODUCT_NAME = "$(TARGET_NAME)";
			};
			name = Release;
		};
/* End XCBuildConfiguration section */

/* Begin XCConfigurationList section */
		FAC0B6E32066C18A00D4EF38 /* Build configuration list for PBXProject "OOP_def" */ = {
			isa = XCConfigurationList;
			buildConfigurations = (
				FAC0B6ED2066C18A00D4EF38 /* Debug */,
				FAC0B6EE2066C18A00D4EF38 /* Release */,
			);
			defaultConfigurationIsVisible = 0;
			defaultConfigurationName = Release;
		};
		FAC0B6EF2066C18A00D4EF38 /* Build configuration list for PBXNativeTarget "OOP_def" */ = {
			isa = XCConfigurationList;
			buildConfigurations = (
				FAC0B6F02066C18A00D4EF38 /* Debug */,
				FAC0B6F12066C18A00D4EF38 /* Release */,
			);
			defaultConfigurationIsVisible = 0;
			defaultConfigurationName = Release;
		};
/* End XCConfigurationList section */
	};
	rootObject = FAC0B6E02066C18A00D4EF38 /* Project object */;
}
